
Microsoft Visual Studio Solution File, Format Version 12.00
# Visual Studio Version 16
VisualStudioVersion = 16.0.31515.178
MinimumVisualStudioVersion = 10.0.40219.1
Project("{9A19103F-16F7-4668-BE54-9A1E7A4F7556}") = "BookTaxi", "BookTaxi\BookTaxi\BookTaxi.csproj", "{2BDC6A3F-2049-486D-A601-2D7C1FDADB1E}"
EndProject
Project("{FAE04EC0-301F-11D3-BF4B-00C04F79EFBC}") = "BookTaxi.Android", "BookTaxi\BookTaxi.Android\BookTaxi.Android.csproj", "{1BB84852-E918-400D-883B-3EA0283F2627}"
EndProject
Project("{FAE04EC0-301F-11D3-BF4B-00C04F79EFBC}") = "BookTaxi.iOS", "BookTaxi\BookTaxi.iOS\BookTaxi.iOS.csproj", "{553621E7-F894-4387-9CBA-35099B37B507}"
EndProject
Global
	GlobalSection(SolutionConfigurationPlatforms) = preSolution
		Ad-Hoc|Any CPU = Ad-Hoc|Any CPU
		Ad-Hoc|iPhone = Ad-Hoc|iPhone
		Ad-Hoc|iPhoneSimulator = Ad-Hoc|iPhoneSimulator
		AppStore|Any CPU = AppStore|Any CPU
		AppStore|iPhone = AppStore|iPhone
		AppStore|iPhoneSimulator = AppStore|iPhoneSimulator
		Debug|Any CPU = Debug|Any CPU
		Debug|iPhone = Debug|iPhone
		Debug|iPhoneSimulator = Debug|iPhoneSimulator
		Release|Any CPU = Release|Any CPU
		Release|iPhone = Release|iPhone
		Release|iPhoneSimulator = Release|iPhoneSimulator
	EndGlobalSection
	GlobalSection(ProjectConfigurationPlatforms) = postSolution
		{2BDC6A3F-2049-486D-A601-2D7C1FDADB1E}.Ad-Hoc|Any CPU.ActiveCfg = Debug|Any CPU
		{2BDC6A3F-2049-486D-A601-2D7C1FDADB1E}.Ad-Hoc|Any CPU.Build.0 = Debug|Any CPU
		{2BDC6A3F-2049-486D-A601-2D7C1FDADB1E}.Ad-Hoc|iPhone.ActiveCfg = Debug|Any CPU
		{2BDC6A3F-2049-486D-A601-2D7C1FDADB1E}.Ad-Hoc|iPhone.Build.0 = Debug|Any CPU
		{2BDC6A3F-2049-486D-A601-2D7C1FDADB1E}.Ad-Hoc|iPhoneSimulator.ActiveCfg = Debug|Any CPU
		{2BDC6A3F-2049-486D-A601-2D7C1FDADB1E}.Ad-Hoc|iPhoneSimulator.Build.0 = Debug|Any CPU
		{2BDC6A3F-2049-486D-A601-2D7C1FDADB1E}.AppStore|Any CPU.ActiveCfg = Debug|Any CPU
		{2BDC6A3F-2049-486D-A601-2D7C1FDADB1E}.AppStore|Any CPU.Build.0 = Debug|Any CPU
		{2BDC6A3F-2049-486D-A601-2D7C1FDADB1E}.AppStore|iPhone.ActiveCfg = Debug|Any CPU
		{2BDC6A3F-2049-486D-A601-2D7C1FDADB1E}.AppStore|iPhone.Build.0 = Debug|Any CPU
		{2BDC6A3F-2049-486D-A601-2D7C1FDADB1E}.AppStore|iPhoneSimulator.ActiveCfg = Debug|Any CPU
		{2BDC6A3F-2049-486D-A601-2D7C1FDADB1E}.AppStore|iPhoneSimulator.Build.0 = Debug|Any CPU
		{2BDC6A3F-2049-486D-A601-2D7C1FDADB1E}.Debug|Any CPU.ActiveCfg = Debug|Any CPU
		{2BDC6A3F-2049-486D-A601-2D7C1FDADB1E}.Debug|Any CPU.Build.0 = Debug|Any CPU
		{2BDC6A3F-2049-486D-A601-2D7C1FDADB1E}.Debug|iPhone.ActiveCfg = Debug|Any CPU
		{2BDC6A3F-2049-486D-A601-2D7C1FDADB1E}.Debug|iPhone.Build.0 = Debug|Any CPU
		{2BDC6A3F-2049-486D-A601-2D7C1FDADB1E}.Debug|iPhoneSimulator.ActiveCfg = Debug|Any CPU
		{2BDC6A3F-2049-486D-A601-2D7C1FDADB1E}.Debug|iPhoneSimulator.Build.0 = Debug|Any CPU
		{2BDC6A3F-2049-486D-A601-2D7C1FDADB1E}.Release|Any CPU.ActiveCfg = Release|Any CPU
		{2BDC6A3F-2049-486D-A601-2D7C1FDADB1E}.Release|Any CPU.Build.0 = Release|Any CPU
		{2BDC6A3F-2049-486D-A601-2D7C1FDADB1E}.Release|iPhone.ActiveCfg = Release|Any CPU
		{2BDC6A3F-2049-486D-A601-2D7C1FDADB1E}.Release|iPhone.Build.0 = Release|Any CPU
		{2BDC6A3F-2049-486D-A601-2D7C1FDADB1E}.Release|iPhoneSimulator.ActiveCfg = Release|Any CPU
		{2BDC6A3F-2049-486D-A601-2D7C1FDADB1E}.Release|iPhoneSimulator.Build.0 = Release|Any CPU
		{1BB84852-E918-400D-883B-3EA0283F2627}.Ad-Hoc|Any CPU.ActiveCfg = Debug|Any CPU
		{1BB84852-E918-400D-883B-3EA0283F2627}.Ad-Hoc|Any CPU.Build.0 = Debug|Any CPU
		{1BB84852-E918-400D-883B-3EA0283F2627}.Ad-Hoc|Any CPU.Deploy.0 = Debug|Any CPU
		{1BB84852-E918-400D-883B-3EA0283F2627}.Ad-Hoc|iPhone.ActiveCfg = Debug|Any CPU
		{1BB84852-E918-400D-883B-3EA0283F2627}.Ad-Hoc|iPhone.Build.0 = Debug|Any CPU
		{1BB84852-E918-400D-883B-3EA0283F2627}.Ad-Hoc|iPhone.Deploy.0 = Debug|Any CPU
		{1BB84852-E918-400D-883B-3EA0283F2627}.Ad-Hoc|iPhoneSimulator.ActiveCfg = Debug|Any CPU
		{1BB84852-E918-400D-883B-3EA0283F2627}.Ad-Hoc|iPhoneSimulator.Build.0 = Debug|Any CPU
		{1BB84852-E918-400D-883B-3EA0283F2627}.Ad-Hoc|iPhoneSimulator.Deploy.0 = Debug|Any CPU
		{1BB84852-E918-400D-883B-3EA0283F2627}.AppStore|Any CPU.ActiveCfg = Debug|Any CPU
		{1BB84852-E918-400D-883B-3EA0283F2627}.AppStore|Any CPU.Build.0 = Debug|Any CPU
		{1BB84852-E918-400D-883B-3EA0283F2627}.AppStore|Any CPU.Deploy.0 = Debug|Any CPU
		{1BB84852-E918-400D-883B-3EA0283F2627}.AppStore|iPhone.ActiveCfg = Debug|Any CPU
		{1BB84852-E918-400D-883B-3EA0283F2627}.AppStore|iPhone.Build.0 = Debug|Any CPU
		{1BB84852-E918-400D-883B-3EA0283F2627}.AppStore|iPhone.Deploy.0 = Debug|Any CPU
		{1BB84852-E918-400D-883B-3EA0283F2627}.AppStore|iPhoneSimulator.ActiveCfg = Debug|Any CPU
		{1BB84852-E918-400D-883B-3EA0283F2627}.AppStore|iPhoneSimulator.Build.0 = Debug|Any CPU
		{1BB84852-E918-400D-883B-3EA0283F2627}.AppStore|iPhoneSimulator.Deploy.0 = Debug|Any CPU
		{1BB84852-E918-400D-883B-3EA0283F2627}.Debug|Any CPU.ActiveCfg = Debug|Any CPU
		{1BB84852-E918-400D-883B-3EA0283F2627}.Debug|Any CPU.Build.0 = Debug|Any CPU
		{1BB84852-E918-400D-883B-3EA0283F2627}.Debug|Any CPU.Deploy.0 = Debug|Any CPU
		{1BB84852-E918-400D-883B-3EA0283F2627}.Debug|iPhone.ActiveCfg = Debug|Any CPU
		{1BB84852-E918-400D-883B-3EA0283F2627}.Debug|iPhone.Build.0 = Debug|Any CPU
		{1BB84852-E918-400D-883B-3EA0283F2627}.Debug|iPhone.Deploy.0 = Debug|Any CPU
		{1BB84852-E918-400D-883B-3EA0283F2627}.Debug|iPhoneSimulator.ActiveCfg = Debug|Any CPU
		{1BB84852-E918-400D-883B-3EA0283F2627}.Debug|iPhoneSimulator.Build.0 = Debug|Any CPU
		{1BB84852-E918-400D-883B-3EA0283F2627}.Debug|iPhoneSimulator.Deploy.0 = Debug|Any CPU
		{1BB84852-E918-400D-883B-3EA0283F2627}.Release|Any CPU.ActiveCfg = Release|Any CPU
		{1BB84852-E918-400D-883B-3EA0283F2627}.Release|Any CPU.Build.0 = Release|Any CPU
		{1BB84852-E918-400D-883B-3EA0283F2627}.Release|Any CPU.Deploy.0 = Release|Any CPU
		{1BB84852-E918-400D-883B-3EA0283F2627}.Release|iPhone.ActiveCfg = Release|Any CPU
		{1BB84852-E918-400D-883B-3EA0283F2627}.Release|iPhone.Build.0 = Release|Any CPU
		{1BB84852-E918-400D-883B-3EA0283F2627}.Release|iPhone.Deploy.0 = Release|Any CPU
		{1BB84852-E918-400D-883B-3EA0283F2627}.Release|iPhoneSimulator.ActiveCfg = Release|Any CPU
		{1BB84852-E918-400D-883B-3EA0283F2627}.Release|iPhoneSimulator.Build.0 = Release|Any CPU
		{1BB84852-E918-400D-883B-3EA0283F2627}.Release|iPhoneSimulator.Deploy.0 = Release|Any CPU
		{553621E7-F894-4387-9CBA-35099B37B507}.Ad-Hoc|Any CPU.ActiveCfg = Ad-Hoc|iPhoneSimulator
		{553621E7-F894-4387-9CBA-35099B37B507}.Ad-Hoc|iPhone.ActiveCfg = Ad-Hoc|iPhone
		{553621E7-F894-4387-9CBA-35099B37B507}.Ad-Hoc|iPhone.Build.0 = Ad-Hoc|iPhone
		{553621E7-F894-4387-9CBA-35099B37B507}.Ad-Hoc|iPhoneSimulator.ActiveCfg = Ad-Hoc|iPhoneSimulator
		{553621E7-F894-4387-9CBA-35099B37B507}.Ad-Hoc|iPhoneSimulator.Build.0 = Ad-Hoc|iPhoneSimulator
		{553621E7-F894-4387-9CBA-35099B37B507}.AppStore|Any CPU.ActiveCfg = AppStore|iPhoneSimulator
		{553621E7-F894-4387-9CBA-35099B37B507}.AppStore|iPhone.ActiveCfg = AppStore|iPhone
		{553621E7-F894-4387-9CBA-35099B37B507}.AppStore|iPhone.Build.0 = AppStore|iPhone
		{553621E7-F894-4387-9CBA-35099B37B507}.AppStore|iPhoneSimulator.ActiveCfg = AppStore|iPhoneSimulator
		{553621E7-F894-4387-9CBA-35099B37B507}.AppStore|iPhoneSimulator.Build.0 = AppStore|iPhoneSimulator
		{553621E7-F894-4387-9CBA-35099B37B507}.Debug|Any CPU.ActiveCfg = Debug|iPhoneSimulator
		{553621E7-F894-4387-9CBA-35099B37B507}.Debug|iPhone.ActiveCfg = Debug|iPhone
		{553621E7-F894-4387-9CBA-35099B37B507}.Debug|iPhone.Build.0 = Debug|iPhone
		{553621E7-F894-4387-9CBA-35099B37B507}.Debug|iPhoneSimulator.ActiveCfg = Debug|iPhoneSimulator
		{553621E7-F894-4387-9CBA-35099B37B507}.Debug|iPhoneSimulator.Build.0 = Debug|iPhoneSimulator
		{553621E7-F894-4387-9CBA-35099B37B507}.Release|Any CPU.ActiveCfg = Release|iPhoneSimulator
		{553621E7-F894-4387-9CBA-35099B37B507}.Release|iPhone.ActiveCfg = Release|iPhone
		{553621E7-F894-4387-9CBA-35099B37B507}.Release|iPhone.Build.0 = Release|iPhone
		{553621E7-F894-4387-9CBA-35099B37B507}.Release|iPhoneSimulator.ActiveCfg = Release|iPhoneSimulator
		{553621E7-F894-4387-9CBA-35099B37B507}.Release|iPhoneSimulator.Build.0 = Release|iPhoneSimulator
	EndGlobalSection
	GlobalSection(SolutionProperties) = preSolution
		HideSolutionNode = FALSE
	EndGlobalSection
	GlobalSection(ExtensibilityGlobals) = postSolution
		SolutionGuid = {86BCB85B-F2B7-46FF-A531-446985D47A4A}
	EndGlobalSection
EndGlobal
